
Microsoft Visual Studio Solution File, Format Version 12.00
# Visual Studio Version 17
VisualStudioVersion = 17.1.32328.378
MinimumVisualStudioVersion = 10.0.40219.1
Project("{9A19103F-16F7-4668-BE54-9A1E7A4F7556}") = "EmployeeManagmentSystem", "EmployeeManagmentSystem\EmployeeManagmentSystem.csproj", "{ABD58A4A-5FA3-4EC1-87BC-1AB131510EFF}"
EndProject
Global
	GlobalSection(SolutionConfigurationPlatforms) = preSolution
		Debug|Any CPU = Debug|Any CPU
		Release|Any CPU = Release|Any CPU
	EndGlobalSection
	GlobalSection(ProjectConfigurationPlatforms) = postSolution
		{ABD58A4A-5FA3-4EC1-87BC-1AB131510EFF}.Debug|Any CPU.ActiveCfg = Debug|Any CPU
		{ABD58A4A-5FA3-4EC1-87BC-1AB131510EFF}.Debug|Any CPU.Build.0 = Debug|Any CPU
		{ABD58A4A-5FA3-4EC1-87BC-1AB131510EFF}.Release|Any CPU.ActiveCfg = Release|Any CPU
		{ABD58A4A-5FA3-4EC1-87BC-1AB131510EFF}.Release|Any CPU.Build.0 = Release|Any CPU
	EndGlobalSection
	GlobalSection(SolutionProperties) = preSolution
		HideSolutionNode = FALSE
	EndGlobalSection
	GlobalSection(ExtensibilityGlobals) = postSolution
		SolutionGuid = {2BD58EE4-1C60-4A38-AF81-A61F5F6A11B0}
	EndGlobalSection
EndGlobal
